# Sub-repo pins for CI assembly: <short-name> <main SHA>.
#
# `ci.yml` reads `ref:` for every sub-repo checkout from this file, so the
# assembled workspace is reproducible instead of tracking each remote's main
# (a push to any sub-repo could otherwise break hub CI nondeterministically).
#
# Update after every `make sync-repos` run — the values are simply each
# repo's current main tip:
#   for r in deps core commands server desktop ios android frontend; do
#     echo "$r $(git ls-remote https://github.com/yi-nology/k7s-$r.git refs/heads/main | cut -f1)"
#   done
#
# A missing/empty pin makes that checkout fall back to the default branch,
# so a stale lock degrades to the old behavior instead of failing the build.
# The release workflows intentionally do NOT pin — a release should build
# from each repo's current main.
deps ab758c8c3b6f33a869c736c6501ecb52416d5fb6
core 81c7f1e39763c90220d9c66907ff1bc2c07af915
commands a0e43e63522c168ce50da72754029110ed267a48
server d304efa13c654e607203a3ae3eb8d0e4536bf8b7
desktop 7f3a01656ccf1227c857bffc43ccce42b1014a2d
ios 9bd66eb9775c3025be1f936ea411e1bcb8950d7a
android c8ea7de4e952757557526f520f86670511a4a1d5
frontend 3a56543c33185b9a130b360d0ab22ec75b978362
