# Sub-repo pins for CI assembly: <short-name> <main SHA>.
#
# `ci.yml` reads `ref:` for every sub-repo checkout from this file, so the
# assembled workspace is reproducible instead of tracking each remote's main
# (a push to any sub-repo could otherwise break hub CI nondeterministically).
#
# Update after every `make sync-repos` run — the values are simply each
# repo's current main tip:
#   for r in deps core commands server desktop ios android frontend; do
#     echo "$r $(git ls-remote https://github.com/yi-nology/k7s-$r.git refs/heads/main | cut -f1)"
#   done
#
# A missing/empty pin makes that checkout fall back to the default branch,
# so a stale lock degrades to the old behavior instead of failing the build.
# The release workflows intentionally do NOT pin — a release should build
# from each repo's current main.
deps 78d9d444d2791deae9017f4ccd4e10ac0de1bd2e
core 342c82a4519a2d9d876e3ffecd4a5a2a062694a9
commands 661eaba00d36a78cb78c5b0264f1106b80f95a42
server d8310641c4f3fc733e941e0ea93b1f5b4ee4388b
desktop 1c7b29df7bf3dedc3b4da3a174fff648ec2e07bb
ios 192ea6fc0e14caf89b7cdd6cb914fb21609e778f
android 43eed311ea17dfe7d4c431de9c70b5e46905e347
frontend d47c08755d9f8ff41d9f43857d64f0af3b925cdc