# Sub-repo pins for CI assembly: <short-name> <main SHA>.
#
# `ci.yml` reads `ref:` for every sub-repo checkout from this file, so the
# assembled workspace is reproducible instead of tracking each remote's main
# (a push to any sub-repo could otherwise break hub CI nondeterministically).
#
# Update after every `make sync-repos` run — the values are simply each
# repo's current main tip:
#   for r in deps core commands server desktop ios android frontend; do
#     echo "$r $(git ls-remote https://github.com/yi-nology/k7s-$r.git refs/heads/main | cut -f1)"
#   done
#
# A missing/empty pin makes that checkout fall back to the default branch,
# so a stale lock degrades to the old behavior instead of failing the build.
# The release workflows intentionally do NOT pin — a release should build
# from each repo's current main.
deps 742a85e2ca2db31131db05a23391d5783f7aa0aa
core c53b4cfd5369b1249015cb442e47e951bc142e60
commands 2241327790acc82d34052dcf01e839c45ac4524c
server 91856159117f5b521e3c5957221a18e8a6607855
desktop 235137576c034dacda386b8bf2f852ffc8d87ef9
ios a45b98fc43e594e5268bcd01f01f63ef1f465fce
android 211ba67296ea9ec940c02c88cbc6f73418445663
frontend 81d9d99157ab0abd3eaabcd904e1a6509b8a7b78
